// !$*UTF8*$!
{
	archiveVersion = 1;
	classes = {
	};
	objectVersion = 46;
	objects = {

/* Begin PBXBuildFile section */
		D6705D5C1B17AF8800A929F4 /* AppDelegate.swift in Sources */ = {isa = PBXBuildFile; fileRef = D6705D5B1B17AF8800A929F4 /* AppDelegate.swift */; };
		D6705D5E1B17AF8800A929F4 /* ViewController.swift in Sources */ = {isa = PBXBuildFile; fileRef = D6705D5D1B17AF8800A929F4 /* ViewController.swift */; };
		D6705D611B17AF8800A929F4 /* Main.storyboard in Resources */ = {isa = PBXBuildFile; fileRef = D6705D5F1B17AF8800A929F4 /* Main.storyboard */; };
		D6705D631B17AF8800A929F4 /* Images.xcassets in Resources */ = {isa = PBXBuildFile; fileRef = D6705D621B17AF8800A929F4 /* Images.xcassets */; };
		D6705D661B17AF8800A929F4 /* LaunchScreen.xib in Resources */ = {isa = PBXBuildFile; fileRef = D6705D641B17AF8800A929F4 /* LaunchScreen.xib */; };
		D6705D721B17AF8800A929F4 /* TimerCentralTests.swift in Sources */ = {isa = PBXBuildFile; fileRef = D6705D711B17AF8800A929F4 /* TimerCentralTests.swift */; };
		D6705DAE1B17B6B400A929F4 /* Logger.swift in Sources */ = {isa = PBXBuildFile; fileRef = D6705DAD1B17B6B400A929F4 /* Logger.swift */; };
		D6705DB01B17B6C800A929F4 /* BluetoothManager.swift in Sources */ = {isa = PBXBuildFile; fileRef = D6705DAF1B17B6C800A929F4 /* BluetoothManager.swift */; };
/* End PBXBuildFile section */

/* Begin PBXContainerItemProxy section */
		D6705D6C1B17AF8800A929F4 /* PBXContainerItemProxy */ = {
			isa = PBXContainerItemProxy;
			containerPortal = D6705D4E1B17AF8800A929F4 /* Project object */;
			proxyType = 1;
			remoteGlobalIDString = D6705D551B17AF8800A929F4;
			remoteInfo = TimerCentral;
		};
/* End PBXContainerItemProxy section */

/* Begin PBXFileReference section */
		D6705D561B17AF8800A929F4 /* TimerCentral.app */ = {isa = PBXFileReference; explicitFileType = wrapper.application; includeInIndex = 0; path = TimerCentral.app; sourceTree = BUILT_PRODUCTS_DIR; };
		D6705D5A1B17AF8800A929F4 /* Info.plist */ = {isa = PBXFileReference; lastKnownFileType = text.plist.xml; path = Info.plist; sourceTree = "<group>"; };
		D6705D5B1B17AF8800A929F4 /* AppDelegate.swift */ = {isa = PBXFileReference; lastKnownFileType = sourcecode.swift; path = AppDelegate.swift; sourceTree = "<group>"; };
		D6705D5D1B17AF8800A929F4 /* ViewController.swift */ = {isa = PBXFileReference; lastKnownFileType = sourcecode.swift; path = ViewController.swift; sourceTree = "<group>"; };
		D6705D601B17AF8800A929F4 /* Base */ = {isa = PBXFileReference; lastKnownFileType = file.storyboard; name = Base; path = Base.lproj/Main.storyboard; sourceTree = "<group>"; };
		D6705D621B17AF8800A929F4 /* Images.xcassets */ = {isa = PBXFileReference; lastKnownFileType = folder.assetcatalog; path = Images.xcassets; sourceTree = "<group>"; };
		D6705D651B17AF8800A929F4 /* Base */ = {isa = PBXFileReference; lastKnownFileType = file.xib; name = Base; path = Base.lproj/LaunchScreen.xib; sourceTree = "<group>"; };
		D6705D6B1B17AF8800A929F4 /* TimerCentralTests.xctest */ = {isa = PBXFileReference; explicitFileType = wrapper.cfbundle; includeInIndex = 0; path = TimerCentralTests.xctest; sourceTree = BUILT_PRODUCTS_DIR; };
		D6705D701B17AF8800A929F4 /* Info.plist */ = {isa = PBXFileReference; lastKnownFileType = text.plist.xml; path = Info.plist; sourceTree = "<group>"; };
		D6705D711B17AF8800A929F4 /* TimerCentralTests.swift */ = {isa = PBXFileReference; lastKnownFileType = sourcecode.swift; path = TimerCentralTests.swift; sourceTree = "<group>"; };
		D6705DAD1B17B6B400A929F4 /* Logger.swift */ = {isa = PBXFileReference; fileEncoding = 4; lastKnownFileType = sourcecode.swift; path = Logger.swift; sourceTree = "<group>"; };
		D6705DAF1B17B6C800A929F4 /* BluetoothManager.swift */ = {isa = PBXFileReference; fileEncoding = 4; lastKnownFileType = sourcecode.swift; path = BluetoothManager.swift; sourceTree = "<group>"; };
/* End PBXFileReference section */

/* Begin PBXFrameworksBuildPhase section */
		D6705D531B17AF8800A929F4 /* Frameworks */ = {
			isa = PBXFrameworksBuildPhase;
			buildActionMask = 2147483647;
			files = (
			);
			runOnlyForDeploymentPostprocessing = 0;
		};
		D6705D681B17AF8800A929F4 /* Frameworks */ = {
			isa = PBXFrameworksBuildPhase;
			buildActionMask = 2147483647;
			files = (
			);
			runOnlyForDeploymentPostprocessing = 0;
		};
/* End PBXFrameworksBuildPhase section */

/* Begin PBXGroup section */
		D6705D4D1B17AF8800A929F4 = {
			isa = PBXGroup;
			children = (
				D6705D581B17AF8800A929F4 /* TimerCentral */,
				D6705D6E1B17AF8800A929F4 /* TimerCentralTests */,
				D6705D571B17AF8800A929F4 /* Products */,
			);
			sourceTree = "<group>";
		};
		D6705D571B17AF8800A929F4 /* Products */ = {
			isa = PBXGroup;
			children = (
				D6705D561B17AF8800A929F4 /* TimerCentral.app */,
				D6705D6B1B17AF8800A929F4 /* TimerCentralTests.xctest */,
			);
			name = Products;
			sourceTree = "<group>";
		};
		D6705D581B17AF8800A929F4 /* TimerCentral */ = {
			isa = PBXGroup;
			children = (
				D6705DAD1B17B6B400A929F4 /* Logger.swift */,
				D6705DAF1B17B6C800A929F4 /* BluetoothManager.swift */,
				D6705D5B1B17AF8800A929F4 /* AppDelegate.swift */,
				D6705D5D1B17AF8800A929F4 /* ViewController.swift */,
				D6705D5F1B17AF8800A929F4 /* Main.storyboard */,
				D6705D621B17AF8800A929F4 /* Images.xcassets */,
				D6705D641B17AF8800A929F4 /* LaunchScreen.xib */,
				D6705D591B17AF8800A929F4 /* Supporting Files */,
			);
			path = TimerCentral;
			sourceTree = "<group>";
		};
		D6705D591B17AF8800A929F4 /* Supporting Files */ = {
			isa = PBXGroup;
			children = (
				D6705D5A1B17AF8800A929F4 /* Info.plist */,
			);
			name = "Supporting Files";
			sourceTree = "<group>";
		};
		D6705D6E1B17AF8800A929F4 /* TimerCentralTests */ = {
			isa = PBXGroup;
			children = (
				D6705D711B17AF8800A929F4 /* TimerCentralTests.swift */,
				D6705D6F1B17AF8800A929F4 /* Supporting Files */,
			);
			path = TimerCentralTests;
			sourceTree = "<group>";
		};
		D6705D6F1B17AF8800A929F4 /* Supporting Files */ = {
			isa = PBXGroup;
			children = (
				D6705D701B17AF8800A929F4 /* Info.plist */,
			);
			name = "Supporting Files";
			sourceTree = "<group>";
		};
/* End PBXGroup section */

/* Begin PBXNativeTarget section */
		D6705D551B17AF8800A929F4 /* TimerCentral */ = {
			isa = PBXNativeTarget;
			buildConfigurationList = D6705D751B17AF8800A929F4 /* Build configuration list for PBXNativeTarget "TimerCentral" */;
			buildPhases = (
				D6705D521B17AF8800A929F4 /* Sources */,
				D6705D531B17AF8800A929F4 /* Frameworks */,
				D6705D541B17AF8800A929F4 /* Resources */,
			);
			buildRules = (
			);
			dependencies = (
			);
			name = TimerCentral;
			productName = TimerCentral;
			productReference = D6705D561B17AF8800A929F4 /* TimerCentral.app */;
			productType = "com.apple.product-type.application";
		};
		D6705D6A1B17AF8800A929F4 /* TimerCentralTests */ = {
			isa = PBXNativeTarget;
			buildConfigurationList = D6705D781B17AF8800A929F4 /* Build configuration list for PBXNativeTarget "TimerCentralTests" */;
			buildPhases = (
				D6705D671B17AF8800A929F4 /* Sources */,
				D6705D681B17AF8800A929F4 /* Frameworks */,
				D6705D691B17AF8800A929F4 /* Resources */,
			);
			buildRules = (
			);
			dependencies = (
				D6705D6D1B17AF8800A929F4 /* PBXTargetDependency */,
			);
			name = TimerCentralTests;
			productName = TimerCentralTests;
			productReference = D6705D6B1B17AF8800A929F4 /* TimerCentralTests.xctest */;
			productType = "com.apple.product-type.bundle.unit-test";
		};
/* End PBXNativeTarget section */

/* Begin PBXProject section */
		D6705D4E1B17AF8800A929F4 /* Project object */ = {
			isa = PBXProject;
			attributes = {
				LastUpgradeCheck = 0630;
				ORGANIZATIONNAME = Imprivata;
				TargetAttributes = {
					D6705D551B17AF8800A929F4 = {
						CreatedOnToolsVersion = 6.3.2;
					};
					D6705D6A1B17AF8800A929F4 = {
						CreatedOnToolsVersion = 6.3.2;
						TestTargetID = D6705D551B17AF8800A929F4;
					};
				};
			};
			buildConfigurationList = D6705D511B17AF8800A929F4 /* Build configuration list for PBXProject "TimerCentral" */;
			compatibilityVersion = "Xcode 3.2";
			developmentRegion = English;
			hasScannedForEncodings = 0;
			knownRegions = (
				en,
				Base,
			);
			mainGroup = D6705D4D1B17AF8800A929F4;
			productRefGroup = D6705D571B17AF8800A929F4 /* Products */;
			projectDirPath = "";
			projectRoot = "";
			targets = (
				D6705D551B17AF8800A929F4 /* TimerCentral */,
				D6705D6A1B17AF8800A929F4 /* TimerCentralTests */,
			);
		};
/* End PBXProject section */

/* Begin PBXResourcesBuildPhase section */
		D6705D541B17AF8800A929F4 /* Resources */ = {
			isa = PBXResourcesBuildPhase;
			buildActionMask = 2147483647;
			files = (
				D6705D611B17AF8800A929F4 /* Main.storyboard in Resources */,
				D6705D661B17AF8800A929F4 /* LaunchScreen.xib in Resources */,
				D6705D631B17AF8800A929F4 /* Images.xcassets in Resources */,
			);
			runOnlyForDeploymentPostprocessing = 0;
		};
		D6705D691B17AF8800A929F4 /* Resources */ = {
			isa = PBXResourcesBuildPhase;
			buildActionMask = 2147483647;
			files = (
			);
			runOnlyForDeploymentPostprocessing = 0;
		};
/* End PBXResourcesBuildPhase section */

/* Begin PBXSourcesBuildPhase section */
		D6705D521B17AF8800A929F4 /* Sources */ = {
			isa = PBXSourcesBuildPhase;
			buildActionMask = 2147483647;
			files = (
				D6705D5E1B17AF8800A929F4 /* ViewController.swift in Sources */,
				D6705DAE1B17B6B400A929F4 /* Logger.swift in Sources */,
				D6705DB01B17B6C800A929F4 /* BluetoothManager.swift in Sources */,
				D6705D5C1B17AF8800A929F4 /* AppDelegate.swift in Sources */,
			);
			runOnlyForDeploymentPostprocessing = 0;
		};
		D6705D671B17AF8800A929F4 /* Sources */ = {
			isa = PBXSourcesBuildPhase;
			buildActionMask = 2147483647;
			files = (
				D6705D721B17AF8800A929F4 /* TimerCentralTests.swift in Sources */,
			);
			runOnlyForDeploymentPostprocessing = 0;
		};
/* End PBXSourcesBuildPhase section */

/* Begin PBXTargetDependency section */
		D6705D6D1B17AF8800A929F4 /* PBXTargetDependency */ = {
			isa = PBXTargetDependency;
			target = D6705D551B17AF8800A929F4 /* TimerCentral */;
			targetProxy = D6705D6C1B17AF8800A929F4 /* PBXContainerItemProxy */;
		};
/* End PBXTargetDependency section */

/* Begin PBXVariantGroup section */
		D6705D5F1B17AF8800A929F4 /* Main.storyboard */ = {
			isa = PBXVariantGroup;
			children = (
				D6705D601B17AF8800A929F4 /* Base */,
			);
			name = Main.storyboard;
			sourceTree = "<group>";
		};
		D6705D641B17AF8800A929F4 /* LaunchScreen.xib */ = {
			isa = PBXVariantGroup;
			children = (
				D6705D651B17AF8800A929F4 /* Base */,
			);
			name = LaunchScreen.xib;
			sourceTree = "<group>";
		};
/* End PBXVariantGroup section */

/* Begin XCBuildConfiguration section */
		D6705D731B17AF8800A929F4 /* Debug */ = {
			isa = XCBuildConfiguration;
			buildSettings = {
				ALWAYS_SEARCH_USER_PATHS = NO;
				CLANG_CXX_LANGUAGE_STANDARD = "gnu++0x";
				CLANG_CXX_LIBRARY = "libc++";
				CLANG_ENABLE_MODULES = YES;
				CLANG_ENABLE_OBJC_ARC = YES;
				CLANG_WARN_BOOL_CONVERSION = YES;
				CLANG_WARN_CONSTANT_CONVERSION = YES;
				CLANG_WARN_DIRECT_OBJC_ISA_USAGE = YES_ERROR;
				CLANG_WARN_EMPTY_BODY = YES;
				CLANG_WARN_ENUM_CONVERSION = YES;
				CLANG_WARN_INT_CONVERSION = YES;
				CLANG_WARN_OBJC_ROOT_CLASS = YES_ERROR;
				CLANG_WARN_UNREACHABLE_CODE = YES;
				CLANG_WARN__DUPLICATE_METHOD_MATCH = YES;
				"CODE_SIGN_IDENTITY[sdk=iphoneos*]" = "iPhone Developer";
				COPY_PHASE_STRIP = NO;
				DEBUG_INFORMATION_FORMAT = "dwarf-with-dsym";
				ENABLE_STRICT_OBJC_MSGSEND = YES;
				GCC_C_LANGUAGE_STANDARD = gnu99;
				GCC_DYNAMIC_NO_PIC = NO;
				GCC_NO_COMMON_BLOCKS = YES;
				GCC_OPTIMIZATION_LEVEL = 0;
				GCC_PREPROCESSOR_DEFINITIONS = (
					"DEBUG=1",
					"$(inherited)",
				);
				GCC_SYMBOLS_PRIVATE_EXTERN = NO;
				GCC_WARN_64_TO_32_BIT_CONVERSION = YES;
				GCC_WARN_ABOUT_RETURN_TYPE = YES_ERROR;
				GCC_WARN_UNDECLARED_SELECTOR = YES;
				GCC_WARN_UNINITIALIZED_AUTOS = YES_AGGRESSIVE;
				GCC_WARN_UNUSED_FUNCTION = YES;
				GCC_WARN_UNUSED_VARIABLE = YES;
				IPHONEOS_DEPLOYMENT_TARGET = 8.3;
				MTL_ENABLE_DEBUG_INFO = YES;
				ONLY_ACTIVE_ARCH = YES;
				SDKROOT = iphoneos;
				SWIFT_OPTIMIZATION_LEVEL = "-Onone";
			};
			name = Debug;
		};
		D6705D741B17AF8800A929F4 /* Release */ = {
			isa = XCBuildConfiguration;
			buildSettings = {
				ALWAYS_SEARCH_USER_PATHS = NO;
				CLANG_CXX_LANGUAGE_STANDARD = "gnu++0x";
				CLANG_CXX_LIBRARY = "libc++";
				CLANG_ENABLE_MODULES = YES;
				CLANG_ENABLE_OBJC_ARC = YES;
				CLANG_WARN_BOOL_CONVERSION = YES;
				CLANG_WARN_CONSTANT_CONVERSION = YES;
				CLANG_WARN_DIRECT_OBJC_ISA_USAGE = YES_ERROR;
				CLANG_WARN_EMPTY_BODY = YES;
				CLANG_WARN_ENUM_CONVERSION = YES;
				CLANG_WARN_INT_CONVERSION = YES;
				CLANG_WARN_OBJC_ROOT_CLASS = YES_ERROR;
				CLANG_WARN_UNREACHABLE_CODE = YES;
				CLANG_WARN__DUPLICATE_METHOD_MATCH = YES;
				"CODE_SIGN_IDENTITY[sdk=iphoneos*]" = "iPhone Developer";
				COPY_PHASE_STRIP = NO;
				DEBUG_INFORMATION_FORMAT = "dwarf-with-dsym";
				ENABLE_NS_ASSERTIONS = NO;
				ENABLE_STRICT_OBJC_MSGSEND = YES;
				GCC_C_LANGUAGE_STANDARD = gnu99;
				GCC_NO_COMMON_BLOCKS = YES;
				GCC_WARN_64_TO_32_BIT_CONVERSION = YES;
				GCC_WARN_ABOUT_RETURN_TYPE = YES_ERROR;
				GCC_WARN_UNDECLARED_SELECTOR = YES;
				GCC_WARN_UNINITIALIZED_AUTOS = YES_AGGRESSIVE;
				GCC_WARN_UNUSED_FUNCTION = YES;
				GCC_WARN_UNUSED_VARIABLE = YES;
				IPHONEOS_DEPLOYMENT_TARGET = 8.3;
				MTL_ENABLE_DEBUG_INFO = NO;
				SDKROOT = iphoneos;
				VALIDATE_PRODUCT = YES;
			};
			name = Release;
		};
		D6705D761B17AF8800A929F4 /* Debug */ = {
			isa = XCBuildConfiguration;
			buildSettings = {
				ASSETCATALOG_COMPILER_APPICON_NAME = AppIcon;
				INFOPLIST_FILE = TimerCentral/Info.plist;
				LD_RUNPATH_SEARCH_PATHS = "$(inherited) @executable_path/Frameworks";
				PRODUCT_NAME = "$(TARGET_NAME)";
			};
			name = Debug;
		};
		D6705D771B17AF8800A929F4 /* Release */ = {
			isa = XCBuildConfiguration;
			buildSettings = {
				ASSETCATALOG_COMPILER_APPICON_NAME = AppIcon;
				INFOPLIST_FILE = TimerCentral/Info.plist;
				LD_RUNPATH_SEARCH_PATHS = "$(inherited) @executable_path/Frameworks";
				PRODUCT_NAME = "$(TARGET_NAME)";
			};
			name = Release;
		};
		D6705D791B17AF8800A929F4 /* Debug */ = {
			isa = XCBuildConfiguration;
			buildSettings = {
				BUNDLE_LOADER = "$(TEST_HOST)";
				FRAMEWORK_SEARCH_PATHS = (
					"$(SDKROOT)/Developer/Library/Frameworks",
					"$(inherited)",
				);
				GCC_PREPROCESSOR_DEFINITIONS = (
					"DEBUG=1",
					"$(inherited)",
				);
				INFOPLIST_FILE = TimerCentralTests/Info.plist;
				LD_RUNPATH_SEARCH_PATHS = "$(inherited) @executable_path/Frameworks @loader_path/Frameworks";
				PRODUCT_NAME = "$(TARGET_NAME)";
				TEST_HOST = "$(BUILT_PRODUCTS_DIR)/TimerCentral.app/TimerCentral";
			};
			name = Debug;
		};
		D6705D7A1B17AF8800A929F4 /* Release */ = {
			isa = XCBuildConfiguration;
			buildSettings = {
				BUNDLE_LOADER = "$(TEST_HOST)";
				FRAMEWORK_SEARCH_PATHS = (
					"$(SDKROOT)/Developer/Library/Frameworks",
					"$(inherited)",
				);
				INFOPLIST_FILE = TimerCentralTests/Info.plist;
				LD_RUNPATH_SEARCH_PATHS = "$(inherited) @executable_path/Frameworks @loader_path/Frameworks";
				PRODUCT_NAME = "$(TARGET_NAME)";
				TEST_HOST = "$(BUILT_PRODUCTS_DIR)/TimerCentral.app/TimerCentral";
			};
			name = Release;
		};
/* End XCBuildConfiguration section */

/* Begin XCConfigurationList section */
		D6705D511B17AF8800A929F4 /* Build configuration list for PBXProject "TimerCentral" */ = {
			isa = XCConfigurationList;
			buildConfigurations = (
				D6705D731B17AF8800A929F4 /* Debug */,
				D6705D741B17AF8800A929F4 /* Release */,
			);
			defaultConfigurationIsVisible = 0;
			defaultConfigurationName = Release;
		};
		D6705D751B17AF8800A929F4 /* Build configuration list for PBXNativeTarget "TimerCentral" */ = {
			isa = XCConfigurationList;
			buildConfigurations = (
				D6705D761B17AF8800A929F4 /* Debug */,
				D6705D771B17AF8800A929F4 /* Release */,
			);
			defaultConfigurationIsVisible = 0;
			defaultConfigurationName = Release;
		};
		D6705D781B17AF8800A929F4 /* Build configuration list for PBXNativeTarget "TimerCentralTests" */ = {
			isa = XCConfigurationList;
			buildConfigurations = (
				D6705D791B17AF8800A929F4 /* Debug */,
				D6705D7A1B17AF8800A929F4 /* Release */,
			);
			defaultConfigurationIsVisible = 0;
			defaultConfigurationName = Release;
		};
/* End XCConfigurationList section */
	};
	rootObject = D6705D4E1B17AF8800A929F4 /* Project object */;
}
